
Microsoft Visual Studio Solution File, Format Version 12.00
# Visual Studio Version 17
VisualStudioVersion = 17.11.35312.102
MinimumVisualStudioVersion = 10.0.40219.1
Project("{9A19103F-16F7-4668-BE54-9A1E7A4F7556}") = "Demo01", "Demo01\Demo01.csproj", "{B548C9CB-081B-4CA3-AB3D-85835B68062A}"
EndProject
Project("{9A19103F-16F7-4668-BE54-9A1E7A4F7556}") = "Demo02", "Demo02\Demo02.csproj", "{59A17DA0-A30D-4574-BEFF-4328D79B89AB}"
EndProject
Project("{9A19103F-16F7-4668-BE54-9A1E7A4F7556}") = "Demo03", "Demo03\Demo03.csproj", "{013CFE89-EFD9-4BD4-B3CA-15C9A008EAD8}"
EndProject
Project("{9A19103F-16F7-4668-BE54-9A1E7A4F7556}") = "Demo04", "Demo04\Demo04.csproj", "{22F0C771-E29C-4678-939F-7E9B634667D7}"
EndProject
Project("{9A19103F-16F7-4668-BE54-9A1E7A4F7556}") = "Demo05", "Demo05\Demo05.csproj", "{BF59C8AA-BBF7-4275-AFEA-7D5E96E3F280}"
EndProject
Project("{9A19103F-16F7-4668-BE54-9A1E7A4F7556}") = "Demo06", "Demo06\Demo06.csproj", "{4874B128-74C6-43DF-8A13-2EB7CC08B717}"
EndProject
Project("{9A19103F-16F7-4668-BE54-9A1E7A4F7556}") = "Demo07", "Demo07\Demo07.csproj", "{83678A8F-0758-4171-9BD1-1E1B28FCD3BD}"
EndProject
Project("{9A19103F-16F7-4668-BE54-9A1E7A4F7556}") = "Demo08", "Demo08\Demo08.csproj", "{46928A33-F4D4-4C4A-9B3D-E1441DDF386C}"
EndProject
Project("{9A19103F-16F7-4668-BE54-9A1E7A4F7556}") = "Demo09", "Demo09\Demo09.csproj", "{EAC4FE40-0446-42AF-8D55-4D4011FA9437}"
EndProject
Project("{9A19103F-16F7-4668-BE54-9A1E7A4F7556}") = "Demo10", "Demo10\Demo10.csproj", "{73D574E4-9750-4ECC-BDB7-C52CA15B3F00}"
EndProject
Project("{9A19103F-16F7-4668-BE54-9A1E7A4F7556}") = "Demo11", "Demo11\Demo11.csproj", "{C0456785-D3F0-425F-A9E0-E154E7F03DA3}"
EndProject
Project("{9A19103F-16F7-4668-BE54-9A1E7A4F7556}") = "Demo12", "Demo12\Demo12.csproj", "{534061EF-47DD-4EC5-9E96-366DB7623EF4}"
EndProject
Project("{9A19103F-16F7-4668-BE54-9A1E7A4F7556}") = "Demo13", "Demo13\Demo13.csproj", "{365B65C1-1A2C-496A-A1A0-F6C837C9BB09}"
EndProject
Project("{FAE04EC0-301F-11D3-BF4B-00C04F79EFBC}") = "Demo14", "Demo14\Demo14.csproj", "{C96CE174-7AA5-4D20-97F9-0C7B6283E32D}"
EndProject
Global
	GlobalSection(SolutionConfigurationPlatforms) = preSolution
		Debug|Any CPU = Debug|Any CPU
		Release|Any CPU = Release|Any CPU
	EndGlobalSection
	GlobalSection(ProjectConfigurationPlatforms) = postSolution
		{B548C9CB-081B-4CA3-AB3D-85835B68062A}.Debug|Any CPU.ActiveCfg = Debug|Any CPU
		{B548C9CB-081B-4CA3-AB3D-85835B68062A}.Debug|Any CPU.Build.0 = Debug|Any CPU
		{B548C9CB-081B-4CA3-AB3D-85835B68062A}.Release|Any CPU.ActiveCfg = Release|Any CPU
		{B548C9CB-081B-4CA3-AB3D-85835B68062A}.Release|Any CPU.Build.0 = Release|Any CPU
		{59A17DA0-A30D-4574-BEFF-4328D79B89AB}.Debug|Any CPU.ActiveCfg = Debug|Any CPU
		{59A17DA0-A30D-4574-BEFF-4328D79B89AB}.Debug|Any CPU.Build.0 = Debug|Any CPU
		{59A17DA0-A30D-4574-BEFF-4328D79B89AB}.Release|Any CPU.ActiveCfg = Release|Any CPU
		{59A17DA0-A30D-4574-BEFF-4328D79B89AB}.Release|Any CPU.Build.0 = Release|Any CPU
		{013CFE89-EFD9-4BD4-B3CA-15C9A008EAD8}.Debug|Any CPU.ActiveCfg = Debug|Any CPU
		{013CFE89-EFD9-4BD4-B3CA-15C9A008EAD8}.Debug|Any CPU.Build.0 = Debug|Any CPU
		{013CFE89-EFD9-4BD4-B3CA-15C9A008EAD8}.Release|Any CPU.ActiveCfg = Release|Any CPU
		{013CFE89-EFD9-4BD4-B3CA-15C9A008EAD8}.Release|Any CPU.Build.0 = Release|Any CPU
		{22F0C771-E29C-4678-939F-7E9B634667D7}.Debug|Any CPU.ActiveCfg = Debug|Any CPU
		{22F0C771-E29C-4678-939F-7E9B634667D7}.Debug|Any CPU.Build.0 = Debug|Any CPU
		{22F0C771-E29C-4678-939F-7E9B634667D7}.Release|Any CPU.ActiveCfg = Release|Any CPU
		{22F0C771-E29C-4678-939F-7E9B634667D7}.Release|Any CPU.Build.0 = Release|Any CPU
		{BF59C8AA-BBF7-4275-AFEA-7D5E96E3F280}.Debug|Any CPU.ActiveCfg = Debug|Any CPU
		{BF59C8AA-BBF7-4275-AFEA-7D5E96E3F280}.Debug|Any CPU.Build.0 = Debug|Any CPU
		{BF59C8AA-BBF7-4275-AFEA-7D5E96E3F280}.Release|Any CPU.ActiveCfg = Release|Any CPU
		{BF59C8AA-BBF7-4275-AFEA-7D5E96E3F280}.Release|Any CPU.Build.0 = Release|Any CPU
		{4874B128-74C6-43DF-8A13-2EB7CC08B717}.Debug|Any CPU.ActiveCfg = Debug|Any CPU
		{4874B128-74C6-43DF-8A13-2EB7CC08B717}.Debug|Any CPU.Build.0 = Debug|Any CPU
		{4874B128-74C6-43DF-8A13-2EB7CC08B717}.Release|Any CPU.ActiveCfg = Release|Any CPU
		{4874B128-74C6-43DF-8A13-2EB7CC08B717}.Release|Any CPU.Build.0 = Release|Any CPU
		{83678A8F-0758-4171-9BD1-1E1B28FCD3BD}.Debug|Any CPU.ActiveCfg = Debug|Any CPU
		{83678A8F-0758-4171-9BD1-1E1B28FCD3BD}.Debug|Any CPU.Build.0 = Debug|Any CPU
		{83678A8F-0758-4171-9BD1-1E1B28FCD3BD}.Release|Any CPU.ActiveCfg = Release|Any CPU
		{83678A8F-0758-4171-9BD1-1E1B28FCD3BD}.Release|Any CPU.Build.0 = Release|Any CPU
		{46928A33-F4D4-4C4A-9B3D-E1441DDF386C}.Debug|Any CPU.ActiveCfg = Debug|Any CPU
		{46928A33-F4D4-4C4A-9B3D-E1441DDF386C}.Debug|Any CPU.Build.0 = Debug|Any CPU
		{46928A33-F4D4-4C4A-9B3D-E1441DDF386C}.Release|Any CPU.ActiveCfg = Release|Any CPU
		{46928A33-F4D4-4C4A-9B3D-E1441DDF386C}.Release|Any CPU.Build.0 = Release|Any CPU
		{EAC4FE40-0446-42AF-8D55-4D4011FA9437}.Debug|Any CPU.ActiveCfg = Debug|Any CPU
		{EAC4FE40-0446-42AF-8D55-4D4011FA9437}.Debug|Any CPU.Build.0 = Debug|Any CPU
		{EAC4FE40-0446-42AF-8D55-4D4011FA9437}.Release|Any CPU.ActiveCfg = Release|Any CPU
		{EAC4FE40-0446-42AF-8D55-4D4011FA9437}.Release|Any CPU.Build.0 = Release|Any CPU
		{73D574E4-9750-4ECC-BDB7-C52CA15B3F00}.Debug|Any CPU.ActiveCfg = Debug|Any CPU
		{73D574E4-9750-4ECC-BDB7-C52CA15B3F00}.Debug|Any CPU.Build.0 = Debug|Any CPU
		{73D574E4-9750-4ECC-BDB7-C52CA15B3F00}.Release|Any CPU.ActiveCfg = Release|Any CPU
		{73D574E4-9750-4ECC-BDB7-C52CA15B3F00}.Release|Any CPU.Build.0 = Release|Any CPU
		{C0456785-D3F0-425F-A9E0-E154E7F03DA3}.Debug|Any CPU.ActiveCfg = Debug|Any CPU
		{C0456785-D3F0-425F-A9E0-E154E7F03DA3}.Debug|Any CPU.Build.0 = Debug|Any CPU
		{C0456785-D3F0-425F-A9E0-E154E7F03DA3}.Release|Any CPU.ActiveCfg = Release|Any CPU
		{C0456785-D3F0-425F-A9E0-E154E7F03DA3}.Release|Any CPU.Build.0 = Release|Any CPU
		{534061EF-47DD-4EC5-9E96-366DB7623EF4}.Debug|Any CPU.ActiveCfg = Debug|Any CPU
		{534061EF-47DD-4EC5-9E96-366DB7623EF4}.Debug|Any CPU.Build.0 = Debug|Any CPU
		{534061EF-47DD-4EC5-9E96-366DB7623EF4}.Release|Any CPU.ActiveCfg = Release|Any CPU
		{534061EF-47DD-4EC5-9E96-366DB7623EF4}.Release|Any CPU.Build.0 = Release|Any CPU
		{365B65C1-1A2C-496A-A1A0-F6C837C9BB09}.Debug|Any CPU.ActiveCfg = Debug|Any CPU
		{365B65C1-1A2C-496A-A1A0-F6C837C9BB09}.Debug|Any CPU.Build.0 = Debug|Any CPU
		{365B65C1-1A2C-496A-A1A0-F6C837C9BB09}.Release|Any CPU.ActiveCfg = Release|Any CPU
		{365B65C1-1A2C-496A-A1A0-F6C837C9BB09}.Release|Any CPU.Build.0 = Release|Any CPU
		{C96CE174-7AA5-4D20-97F9-0C7B6283E32D}.Debug|Any CPU.ActiveCfg = Debug|Any CPU
		{C96CE174-7AA5-4D20-97F9-0C7B6283E32D}.Debug|Any CPU.Build.0 = Debug|Any CPU
		{C96CE174-7AA5-4D20-97F9-0C7B6283E32D}.Release|Any CPU.ActiveCfg = Release|Any CPU
		{C96CE174-7AA5-4D20-97F9-0C7B6283E32D}.Release|Any CPU.Build.0 = Release|Any CPU
	EndGlobalSection
	GlobalSection(SolutionProperties) = preSolution
		HideSolutionNode = FALSE
	EndGlobalSection
	GlobalSection(ExtensibilityGlobals) = postSolution
		SolutionGuid = {8097C58B-C62E-4F96-9C2D-C71695789EAE}
	EndGlobalSection
EndGlobal
