
Microsoft Visual Studio Solution File, Format Version 12.00
# Visual Studio Version 17
VisualStudioVersion = 17.11.35431.28
MinimumVisualStudioVersion = 10.0.40219.1
Project("{9A19103F-16F7-4668-BE54-9A1E7A4F7556}") = "Demo01NET", "Demo01NET\Demo01NET.csproj", "{209B9797-ABB5-4DAE-858E-0EAF0EC028F0}"
EndProject
Project("{9A19103F-16F7-4668-BE54-9A1E7A4F7556}") = "Demo02OO", "Demo02OO\Demo02OO.csproj", "{E68376C2-B406-4AFE-8299-3836B527FB05}"
EndProject
Project("{9A19103F-16F7-4668-BE54-9A1E7A4F7556}") = "Demo03OO", "Demo03OO\Demo03OO.csproj", "{0A81EB41-7DBB-4F3F-969B-ED0283EA3A0E}"
EndProject
Project("{9A19103F-16F7-4668-BE54-9A1E7A4F7556}") = "Demo04OO", "Demo04OO\Demo04OO.csproj", "{397F48DC-195E-4247-97FA-C7CEFDD7AFB9}"
EndProject
Project("{9A19103F-16F7-4668-BE54-9A1E7A4F7556}") = "Demo05OO", "Demo05OO\Demo05OO.csproj", "{B1CF50F8-5D39-4A5B-99BB-9C6831FA2FDC}"
EndProject
Project("{9A19103F-16F7-4668-BE54-9A1E7A4F7556}") = "Demo06", "Demo06\Demo06.csproj", "{7B466A35-4FA8-436D-A2BA-9FC69BF61970}"
EndProject
Project("{9A19103F-16F7-4668-BE54-9A1E7A4F7556}") = "Demo07", "Demo07\Demo07.csproj", "{B7C73542-63C2-41BF-9B6F-B0C9FD8AC631}"
EndProject
Project("{9A19103F-16F7-4668-BE54-9A1E7A4F7556}") = "Demo08", "Demo08\Demo08.csproj", "{09474D9F-58D0-48DA-B7C6-DE1610BAFA90}"
EndProject
Project("{9A19103F-16F7-4668-BE54-9A1E7A4F7556}") = "Demo09", "Demo09\Demo09.csproj", "{009D05C9-E5EE-4D37-ACBF-300B920CEA3D}"
EndProject
Project("{FAE04EC0-301F-11D3-BF4B-00C04F79EFBC}") = "Demo10", "Demo10\Demo10.csproj", "{03A839AB-8928-4758-B6DC-19B004700117}"
EndProject
Project("{FAE04EC0-301F-11D3-BF4B-00C04F79EFBC}") = "Demo11", "Demo11\Demo11.csproj", "{E3E0613D-0495-4605-8329-E02E0F505B88}"
EndProject
Global
	GlobalSection(SolutionConfigurationPlatforms) = preSolution
		Debug|Any CPU = Debug|Any CPU
		Release|Any CPU = Release|Any CPU
	EndGlobalSection
	GlobalSection(ProjectConfigurationPlatforms) = postSolution
		{209B9797-ABB5-4DAE-858E-0EAF0EC028F0}.Debug|Any CPU.ActiveCfg = Debug|Any CPU
		{209B9797-ABB5-4DAE-858E-0EAF0EC028F0}.Debug|Any CPU.Build.0 = Debug|Any CPU
		{209B9797-ABB5-4DAE-858E-0EAF0EC028F0}.Release|Any CPU.ActiveCfg = Release|Any CPU
		{209B9797-ABB5-4DAE-858E-0EAF0EC028F0}.Release|Any CPU.Build.0 = Release|Any CPU
		{E68376C2-B406-4AFE-8299-3836B527FB05}.Debug|Any CPU.ActiveCfg = Debug|Any CPU
		{E68376C2-B406-4AFE-8299-3836B527FB05}.Debug|Any CPU.Build.0 = Debug|Any CPU
		{E68376C2-B406-4AFE-8299-3836B527FB05}.Release|Any CPU.ActiveCfg = Release|Any CPU
		{E68376C2-B406-4AFE-8299-3836B527FB05}.Release|Any CPU.Build.0 = Release|Any CPU
		{0A81EB41-7DBB-4F3F-969B-ED0283EA3A0E}.Debug|Any CPU.ActiveCfg = Debug|Any CPU
		{0A81EB41-7DBB-4F3F-969B-ED0283EA3A0E}.Debug|Any CPU.Build.0 = Debug|Any CPU
		{0A81EB41-7DBB-4F3F-969B-ED0283EA3A0E}.Release|Any CPU.ActiveCfg = Release|Any CPU
		{0A81EB41-7DBB-4F3F-969B-ED0283EA3A0E}.Release|Any CPU.Build.0 = Release|Any CPU
		{397F48DC-195E-4247-97FA-C7CEFDD7AFB9}.Debug|Any CPU.ActiveCfg = Debug|Any CPU
		{397F48DC-195E-4247-97FA-C7CEFDD7AFB9}.Debug|Any CPU.Build.0 = Debug|Any CPU
		{397F48DC-195E-4247-97FA-C7CEFDD7AFB9}.Release|Any CPU.ActiveCfg = Release|Any CPU
		{397F48DC-195E-4247-97FA-C7CEFDD7AFB9}.Release|Any CPU.Build.0 = Release|Any CPU
		{B1CF50F8-5D39-4A5B-99BB-9C6831FA2FDC}.Debug|Any CPU.ActiveCfg = Debug|Any CPU
		{B1CF50F8-5D39-4A5B-99BB-9C6831FA2FDC}.Debug|Any CPU.Build.0 = Debug|Any CPU
		{B1CF50F8-5D39-4A5B-99BB-9C6831FA2FDC}.Release|Any CPU.ActiveCfg = Release|Any CPU
		{B1CF50F8-5D39-4A5B-99BB-9C6831FA2FDC}.Release|Any CPU.Build.0 = Release|Any CPU
		{7B466A35-4FA8-436D-A2BA-9FC69BF61970}.Debug|Any CPU.ActiveCfg = Debug|Any CPU
		{7B466A35-4FA8-436D-A2BA-9FC69BF61970}.Debug|Any CPU.Build.0 = Debug|Any CPU
		{7B466A35-4FA8-436D-A2BA-9FC69BF61970}.Release|Any CPU.ActiveCfg = Release|Any CPU
		{7B466A35-4FA8-436D-A2BA-9FC69BF61970}.Release|Any CPU.Build.0 = Release|Any CPU
		{B7C73542-63C2-41BF-9B6F-B0C9FD8AC631}.Debug|Any CPU.ActiveCfg = Debug|Any CPU
		{B7C73542-63C2-41BF-9B6F-B0C9FD8AC631}.Debug|Any CPU.Build.0 = Debug|Any CPU
		{B7C73542-63C2-41BF-9B6F-B0C9FD8AC631}.Release|Any CPU.ActiveCfg = Release|Any CPU
		{B7C73542-63C2-41BF-9B6F-B0C9FD8AC631}.Release|Any CPU.Build.0 = Release|Any CPU
		{09474D9F-58D0-48DA-B7C6-DE1610BAFA90}.Debug|Any CPU.ActiveCfg = Debug|Any CPU
		{09474D9F-58D0-48DA-B7C6-DE1610BAFA90}.Debug|Any CPU.Build.0 = Debug|Any CPU
		{09474D9F-58D0-48DA-B7C6-DE1610BAFA90}.Release|Any CPU.ActiveCfg = Release|Any CPU
		{09474D9F-58D0-48DA-B7C6-DE1610BAFA90}.Release|Any CPU.Build.0 = Release|Any CPU
		{009D05C9-E5EE-4D37-ACBF-300B920CEA3D}.Debug|Any CPU.ActiveCfg = Debug|Any CPU
		{009D05C9-E5EE-4D37-ACBF-300B920CEA3D}.Debug|Any CPU.Build.0 = Debug|Any CPU
		{009D05C9-E5EE-4D37-ACBF-300B920CEA3D}.Release|Any CPU.ActiveCfg = Release|Any CPU
		{009D05C9-E5EE-4D37-ACBF-300B920CEA3D}.Release|Any CPU.Build.0 = Release|Any CPU
		{03A839AB-8928-4758-B6DC-19B004700117}.Debug|Any CPU.ActiveCfg = Debug|Any CPU
		{03A839AB-8928-4758-B6DC-19B004700117}.Debug|Any CPU.Build.0 = Debug|Any CPU
		{03A839AB-8928-4758-B6DC-19B004700117}.Release|Any CPU.ActiveCfg = Release|Any CPU
		{03A839AB-8928-4758-B6DC-19B004700117}.Release|Any CPU.Build.0 = Release|Any CPU
		{E3E0613D-0495-4605-8329-E02E0F505B88}.Debug|Any CPU.ActiveCfg = Debug|Any CPU
		{E3E0613D-0495-4605-8329-E02E0F505B88}.Debug|Any CPU.Build.0 = Debug|Any CPU
		{E3E0613D-0495-4605-8329-E02E0F505B88}.Release|Any CPU.ActiveCfg = Release|Any CPU
		{E3E0613D-0495-4605-8329-E02E0F505B88}.Release|Any CPU.Build.0 = Release|Any CPU
	EndGlobalSection
	GlobalSection(SolutionProperties) = preSolution
		HideSolutionNode = FALSE
	EndGlobalSection
	GlobalSection(ExtensibilityGlobals) = postSolution
		SolutionGuid = {F92279C3-BFF2-4785-A106-320CB55D3843}
	EndGlobalSection
EndGlobal
